
Microsoft Visual Studio Solution File, Format Version 12.00
# Visual Studio 15
VisualStudioVersion = 15.0.26430.16
MinimumVisualStudioVersion = 10.0.40219.1
Project("{FAE04EC0-301F-11D3-BF4B-00C04F79EFBC}") = "WITWICS", "WITWICS\WITWICS.csproj", "{932BA35B-D17E-43F4-98C9-C8475B7906EE}"
EndProject
Project("{FAE04EC0-301F-11D3-BF4B-00C04F79EFBC}") = "WITWICSTest", "WITWICSTest\WITWICSTest.csproj", "{DC50AD19-4D8C-4CD4-A48B-A8983B0D2AA1}"
EndProject
Global
	GlobalSection(SolutionConfigurationPlatforms) = preSolution
		Debug|Any CPU = Debug|Any CPU
		Release|Any CPU = Release|Any CPU
	EndGlobalSection
	GlobalSection(ProjectConfigurationPlatforms) = postSolution
		{932BA35B-D17E-43F4-98C9-C8475B7906EE}.Debug|Any CPU.ActiveCfg = Debug|Any CPU
		{932BA35B-D17E-43F4-98C9-C8475B7906EE}.Debug|Any CPU.Build.0 = Debug|Any CPU
		{932BA35B-D17E-43F4-98C9-C8475B7906EE}.Release|Any CPU.ActiveCfg = Release|Any CPU
		{932BA35B-D17E-43F4-98C9-C8475B7906EE}.Release|Any CPU.Build.0 = Release|Any CPU
		{DC50AD19-4D8C-4CD4-A48B-A8983B0D2AA1}.Debug|Any CPU.ActiveCfg = Debug|Any CPU
		{DC50AD19-4D8C-4CD4-A48B-A8983B0D2AA1}.Debug|Any CPU.Build.0 = Debug|Any CPU
		{DC50AD19-4D8C-4CD4-A48B-A8983B0D2AA1}.Release|Any CPU.ActiveCfg = Release|Any CPU
		{DC50AD19-4D8C-4CD4-A48B-A8983B0D2AA1}.Release|Any CPU.Build.0 = Release|Any CPU
	EndGlobalSection
	GlobalSection(SolutionProperties) = preSolution
		HideSolutionNode = FALSE
	EndGlobalSection
EndGlobal
